// !$*UTF8*$!
{
	archiveVersion = 1;
	classes = {
	};
	objectVersion = 46;
	objects = {

/* Begin PBXBuildFile section */
		CD8E28161AD41D91004C04E8 /* AppDelegate.swift in Sources */ = {isa = PBXBuildFile; fileRef = CD8E28151AD41D91004C04E8 /* AppDelegate.swift */; };
		CD8E28181AD41D91004C04E8 /* ViewController.swift in Sources */ = {isa = PBXBuildFile; fileRef = CD8E28171AD41D91004C04E8 /* ViewController.swift */; };
		CD8E281B1AD41D91004C04E8 /* Main.storyboard in Resources */ = {isa = PBXBuildFile; fileRef = CD8E28191AD41D91004C04E8 /* Main.storyboard */; };
		CD8E281D1AD41D91004C04E8 /* Images.xcassets in Resources */ = {isa = PBXBuildFile; fileRef = CD8E281C1AD41D91004C04E8 /* Images.xcassets */; };
		CD8E28201AD41D91004C04E8 /* LaunchScreen.xib in Resources */ = {isa = PBXBuildFile; fileRef = CD8E281E1AD41D91004C04E8 /* LaunchScreen.xib */; };
		CD8E282C1AD41D91004C04E8 /* Segway_DebugTests.swift in Sources */ = {isa = PBXBuildFile; fileRef = CD8E282B1AD41D91004C04E8 /* Segway_DebugTests.swift */; };
		CD8E283C1AD41DA7004C04E8 /* segway-back_2x29.png in Resources */ = {isa = PBXBuildFile; fileRef = CD8E28361AD41DA7004C04E8 /* segway-back_2x29.png */; };
		CD8E283D1AD41DA7004C04E8 /* segway-back_2x40.png in Resources */ = {isa = PBXBuildFile; fileRef = CD8E28371AD41DA7004C04E8 /* segway-back_2x40.png */; };
		CD8E283E1AD41DA7004C04E8 /* segway-back_2x60.png in Resources */ = {isa = PBXBuildFile; fileRef = CD8E28381AD41DA7004C04E8 /* segway-back_2x60.png */; };
		CD8E283F1AD41DA7004C04E8 /* segway-back_3x29.png in Resources */ = {isa = PBXBuildFile; fileRef = CD8E28391AD41DA7004C04E8 /* segway-back_3x29.png */; };
		CD8E28401AD41DA7004C04E8 /* segway-back_3x40.png in Resources */ = {isa = PBXBuildFile; fileRef = CD8E283A1AD41DA7004C04E8 /* segway-back_3x40.png */; };
		CD8E28411AD41DA7004C04E8 /* segway-back_3x60.png in Resources */ = {isa = PBXBuildFile; fileRef = CD8E283B1AD41DA7004C04E8 /* segway-back_3x60.png */; };
		CDBC53811AD46DA3003724F3 /* Segway.swift in Sources */ = {isa = PBXBuildFile; fileRef = CDBC53801AD46DA3003724F3 /* Segway.swift */; };
/* End PBXBuildFile section */

/* Begin PBXContainerItemProxy section */
		CD8E28261AD41D91004C04E8 /* PBXContainerItemProxy */ = {
			isa = PBXContainerItemProxy;
			containerPortal = CD8E28081AD41D91004C04E8 /* Project object */;
			proxyType = 1;
			remoteGlobalIDString = CD8E280F1AD41D91004C04E8;
			remoteInfo = "Segway Debug";
		};
/* End PBXContainerItemProxy section */

/* Begin PBXFileReference section */
		CD8E28101AD41D91004C04E8 /* Segway Debug.app */ = {isa = PBXFileReference; explicitFileType = wrapper.application; includeInIndex = 0; path = "Segway Debug.app"; sourceTree = BUILT_PRODUCTS_DIR; };
		CD8E28141AD41D91004C04E8 /* Info.plist */ = {isa = PBXFileReference; lastKnownFileType = text.plist.xml; path = Info.plist; sourceTree = "<group>"; };
		CD8E28151AD41D91004C04E8 /* AppDelegate.swift */ = {isa = PBXFileReference; lastKnownFileType = sourcecode.swift; path = AppDelegate.swift; sourceTree = "<group>"; };
		CD8E28171AD41D91004C04E8 /* ViewController.swift */ = {isa = PBXFileReference; lastKnownFileType = sourcecode.swift; path = ViewController.swift; sourceTree = "<group>"; };
		CD8E281A1AD41D91004C04E8 /* Base */ = {isa = PBXFileReference; lastKnownFileType = file.storyboard; name = Base; path = Base.lproj/Main.storyboard; sourceTree = "<group>"; };
		CD8E281C1AD41D91004C04E8 /* Images.xcassets */ = {isa = PBXFileReference; lastKnownFileType = folder.assetcatalog; path = Images.xcassets; sourceTree = "<group>"; };
		CD8E281F1AD41D91004C04E8 /* Base */ = {isa = PBXFileReference; lastKnownFileType = file.xib; name = Base; path = Base.lproj/LaunchScreen.xib; sourceTree = "<group>"; };
		CD8E28251AD41D91004C04E8 /* Segway DebugTests.xctest */ = {isa = PBXFileReference; explicitFileType = wrapper.cfbundle; includeInIndex = 0; path = "Segway DebugTests.xctest"; sourceTree = BUILT_PRODUCTS_DIR; };
		CD8E282A1AD41D91004C04E8 /* Info.plist */ = {isa = PBXFileReference; lastKnownFileType = text.plist.xml; path = Info.plist; sourceTree = "<group>"; };
		CD8E282B1AD41D91004C04E8 /* Segway_DebugTests.swift */ = {isa = PBXFileReference; lastKnownFileType = sourcecode.swift; path = Segway_DebugTests.swift; sourceTree = "<group>"; };
		CD8E28361AD41DA7004C04E8 /* segway-back_2x29.png */ = {isa = PBXFileReference; lastKnownFileType = image.png; path = "segway-back_2x29.png"; sourceTree = "<group>"; };
		CD8E28371AD41DA7004C04E8 /* segway-back_2x40.png */ = {isa = PBXFileReference; lastKnownFileType = image.png; path = "segway-back_2x40.png"; sourceTree = "<group>"; };
		CD8E28381AD41DA7004C04E8 /* segway-back_2x60.png */ = {isa = PBXFileReference; lastKnownFileType = image.png; path = "segway-back_2x60.png"; sourceTree = "<group>"; };
		CD8E28391AD41DA7004C04E8 /* segway-back_3x29.png */ = {isa = PBXFileReference; lastKnownFileType = image.png; path = "segway-back_3x29.png"; sourceTree = "<group>"; };
		CD8E283A1AD41DA7004C04E8 /* segway-back_3x40.png */ = {isa = PBXFileReference; lastKnownFileType = image.png; path = "segway-back_3x40.png"; sourceTree = "<group>"; };
		CD8E283B1AD41DA7004C04E8 /* segway-back_3x60.png */ = {isa = PBXFileReference; lastKnownFileType = image.png; path = "segway-back_3x60.png"; sourceTree = "<group>"; };
		CDBC53801AD46DA3003724F3 /* Segway.swift */ = {isa = PBXFileReference; fileEncoding = 4; lastKnownFileType = sourcecode.swift; path = Segway.swift; sourceTree = "<group>"; };
/* End PBXFileReference section */

/* Begin PBXFrameworksBuildPhase section */
		CD8E280D1AD41D91004C04E8 /* Frameworks */ = {
			isa = PBXFrameworksBuildPhase;
			buildActionMask = 2147483647;
			files = (
			);
			runOnlyForDeploymentPostprocessing = 0;
		};
		CD8E28221AD41D91004C04E8 /* Frameworks */ = {
			isa = PBXFrameworksBuildPhase;
			buildActionMask = 2147483647;
			files = (
			);
			runOnlyForDeploymentPostprocessing = 0;
		};
/* End PBXFrameworksBuildPhase section */

/* Begin PBXGroup section */
		CD8E28071AD41D91004C04E8 = {
			isa = PBXGroup;
			children = (
				CD8E28121AD41D91004C04E8 /* Segway Debug */,
				CD8E28281AD41D91004C04E8 /* Segway DebugTests */,
				CD8E28111AD41D91004C04E8 /* Products */,
			);
			sourceTree = "<group>";
		};
		CD8E28111AD41D91004C04E8 /* Products */ = {
			isa = PBXGroup;
			children = (
				CD8E28101AD41D91004C04E8 /* Segway Debug.app */,
				CD8E28251AD41D91004C04E8 /* Segway DebugTests.xctest */,
			);
			name = Products;
			sourceTree = "<group>";
		};
		CD8E28121AD41D91004C04E8 /* Segway Debug */ = {
			isa = PBXGroup;
			children = (
				CD8E28151AD41D91004C04E8 /* AppDelegate.swift */,
				CDBC53801AD46DA3003724F3 /* Segway.swift */,
				CD8E28171AD41D91004C04E8 /* ViewController.swift */,
				CD8E28191AD41D91004C04E8 /* Main.storyboard */,
				CD8E281C1AD41D91004C04E8 /* Images.xcassets */,
				CD8E281E1AD41D91004C04E8 /* LaunchScreen.xib */,
				CD8E28351AD41D98004C04E8 /* Images */,
				CD8E28131AD41D91004C04E8 /* Supporting Files */,
			);
			path = "Segway Debug";
			sourceTree = "<group>";
		};
		CD8E28131AD41D91004C04E8 /* Supporting Files */ = {
			isa = PBXGroup;
			children = (
				CD8E28141AD41D91004C04E8 /* Info.plist */,
			);
			name = "Supporting Files";
			sourceTree = "<group>";
		};
		CD8E28281AD41D91004C04E8 /* Segway DebugTests */ = {
			isa = PBXGroup;
			children = (
				CD8E282B1AD41D91004C04E8 /* Segway_DebugTests.swift */,
				CD8E28291AD41D91004C04E8 /* Supporting Files */,
			);
			path = "Segway DebugTests";
			sourceTree = "<group>";
		};
		CD8E28291AD41D91004C04E8 /* Supporting Files */ = {
			isa = PBXGroup;
			children = (
				CD8E282A1AD41D91004C04E8 /* Info.plist */,
			);
			name = "Supporting Files";
			sourceTree = "<group>";
		};
		CD8E28351AD41D98004C04E8 /* Images */ = {
			isa = PBXGroup;
			children = (
				CD8E28361AD41DA7004C04E8 /* segway-back_2x29.png */,
				CD8E28371AD41DA7004C04E8 /* segway-back_2x40.png */,
				CD8E28381AD41DA7004C04E8 /* segway-back_2x60.png */,
				CD8E28391AD41DA7004C04E8 /* segway-back_3x29.png */,
				CD8E283A1AD41DA7004C04E8 /* segway-back_3x40.png */,
				CD8E283B1AD41DA7004C04E8 /* segway-back_3x60.png */,
			);
			name = Images;
			sourceTree = "<group>";
		};
/* End PBXGroup section */

/* Begin PBXNativeTarget section */
		CD8E280F1AD41D91004C04E8 /* Segway Debug */ = {
			isa = PBXNativeTarget;
			buildConfigurationList = CD8E282F1AD41D91004C04E8 /* Build configuration list for PBXNativeTarget "Segway Debug" */;
			buildPhases = (
				CD8E280C1AD41D91004C04E8 /* Sources */,
				CD8E280D1AD41D91004C04E8 /* Frameworks */,
				CD8E280E1AD41D91004C04E8 /* Resources */,
			);
			buildRules = (
			);
			dependencies = (
			);
			name = "Segway Debug";
			productName = "Segway Debug";
			productReference = CD8E28101AD41D91004C04E8 /* Segway Debug.app */;
			productType = "com.apple.product-type.application";
		};
		CD8E28241AD41D91004C04E8 /* Segway DebugTests */ = {
			isa = PBXNativeTarget;
			buildConfigurationList = CD8E28321AD41D91004C04E8 /* Build configuration list for PBXNativeTarget "Segway DebugTests" */;
			buildPhases = (
				CD8E28211AD41D91004C04E8 /* Sources */,
				CD8E28221AD41D91004C04E8 /* Frameworks */,
				CD8E28231AD41D91004C04E8 /* Resources */,
			);
			buildRules = (
			);
			dependencies = (
				CD8E28271AD41D91004C04E8 /* PBXTargetDependency */,
			);
			name = "Segway DebugTests";
			productName = "Segway DebugTests";
			productReference = CD8E28251AD41D91004C04E8 /* Segway DebugTests.xctest */;
			productType = "com.apple.product-type.bundle.unit-test";
		};
/* End PBXNativeTarget section */

/* Begin PBXProject section */
		CD8E28081AD41D91004C04E8 /* Project object */ = {
			isa = PBXProject;
			attributes = {
				LastUpgradeCheck = 0620;
				ORGANIZATIONNAME = "Fery Lancz";
				TargetAttributes = {
					CD8E280F1AD41D91004C04E8 = {
						CreatedOnToolsVersion = 6.2;
						DevelopmentTeam = Q9KFEVE553;
						LastSwiftMigration = 0820;
					};
					CD8E28241AD41D91004C04E8 = {
						CreatedOnToolsVersion = 6.2;
						LastSwiftMigration = 0820;
						TestTargetID = CD8E280F1AD41D91004C04E8;
					};
				};
			};
			buildConfigurationList = CD8E280B1AD41D91004C04E8 /* Build configuration list for PBXProject "Segway Debug" */;
			compatibilityVersion = "Xcode 3.2";
			developmentRegion = English;
			hasScannedForEncodings = 0;
			knownRegions = (
				en,
				Base,
			);
			mainGroup = CD8E28071AD41D91004C04E8;
			productRefGroup = CD8E28111AD41D91004C04E8 /* Products */;
			projectDirPath = "";
			projectRoot = "";
			targets = (
				CD8E280F1AD41D91004C04E8 /* Segway Debug */,
				CD8E28241AD41D91004C04E8 /* Segway DebugTests */,
			);
		};
/* End PBXProject section */

/* Begin PBXResourcesBuildPhase section */
		CD8E280E1AD41D91004C04E8 /* Resources */ = {
			isa = PBXResourcesBuildPhase;
			buildActionMask = 2147483647;
			files = (
				CD8E281B1AD41D91004C04E8 /* Main.storyboard in Resources */,
				CD8E283C1AD41DA7004C04E8 /* segway-back_2x29.png in Resources */,
				CD8E28201AD41D91004C04E8 /* LaunchScreen.xib in Resources */,
				CD8E28401AD41DA7004C04E8 /* segway-back_3x40.png in Resources */,
				CD8E28411AD41DA7004C04E8 /* segway-back_3x60.png in Resources */,
				CD8E283D1AD41DA7004C04E8 /* segway-back_2x40.png in Resources */,
				CD8E283E1AD41DA7004C04E8 /* segway-back_2x60.png in Resources */,
				CD8E281D1AD41D91004C04E8 /* Images.xcassets in Resources */,
				CD8E283F1AD41DA7004C04E8 /* segway-back_3x29.png in Resources */,
			);
			runOnlyForDeploymentPostprocessing = 0;
		};
		CD8E28231AD41D91004C04E8 /* Resources */ = {
			isa = PBXResourcesBuildPhase;
			buildActionMask = 2147483647;
			files = (
			);
			runOnlyForDeploymentPostprocessing = 0;
		};
/* End PBXResourcesBuildPhase section */

/* Begin PBXSourcesBuildPhase section */
		CD8E280C1AD41D91004C04E8 /* Sources */ = {
			isa = PBXSourcesBuildPhase;
			buildActionMask = 2147483647;
			files = (
				CDBC53811AD46DA3003724F3 /* Segway.swift in Sources */,
				CD8E28181AD41D91004C04E8 /* ViewController.swift in Sources */,
				CD8E28161AD41D91004C04E8 /* AppDelegate.swift in Sources */,
			);
			runOnlyForDeploymentPostprocessing = 0;
		};
		CD8E28211AD41D91004C04E8 /* Sources */ = {
			isa = PBXSourcesBuildPhase;
			buildActionMask = 2147483647;
			files = (
				CD8E282C1AD41D91004C04E8 /* Segway_DebugTests.swift in Sources */,
			);
			runOnlyForDeploymentPostprocessing = 0;
		};
/* End PBXSourcesBuildPhase section */

/* Begin PBXTargetDependency section */
		CD8E28271AD41D91004C04E8 /* PBXTargetDependency */ = {
			isa = PBXTargetDependency;
			target = CD8E280F1AD41D91004C04E8 /* Segway Debug */;
			targetProxy = CD8E28261AD41D91004C04E8 /* PBXContainerItemProxy */;
		};
/* End PBXTargetDependency section */

/* Begin PBXVariantGroup section */
		CD8E28191AD41D91004C04E8 /* Main.storyboard */ = {
			isa = PBXVariantGroup;
			children = (
				CD8E281A1AD41D91004C04E8 /* Base */,
			);
			name = Main.storyboard;
			sourceTree = "<group>";
		};
		CD8E281E1AD41D91004C04E8 /* LaunchScreen.xib */ = {
			isa = PBXVariantGroup;
			children = (
				CD8E281F1AD41D91004C04E8 /* Base */,
			);
			name = LaunchScreen.xib;
			sourceTree = "<group>";
		};
/* End PBXVariantGroup section */

/* Begin XCBuildConfiguration section */
		CD8E282D1AD41D91004C04E8 /* Debug */ = {
			isa = XCBuildConfiguration;
			buildSettings = {
				ALWAYS_SEARCH_USER_PATHS = NO;
				CLANG_CXX_LANGUAGE_STANDARD = "gnu++0x";
				CLANG_CXX_LIBRARY = "libc++";
				CLANG_ENABLE_MODULES = YES;
				CLANG_ENABLE_OBJC_ARC = YES;
				CLANG_WARN_BOOL_CONVERSION = YES;
				CLANG_WARN_CONSTANT_CONVERSION = YES;
				CLANG_WARN_DIRECT_OBJC_ISA_USAGE = YES_ERROR;
				CLANG_WARN_EMPTY_BODY = YES;
				CLANG_WARN_ENUM_CONVERSION = YES;
				CLANG_WARN_INT_CONVERSION = YES;
				CLANG_WARN_OBJC_ROOT_CLASS = YES_ERROR;
				CLANG_WARN_UNREACHABLE_CODE = YES;
				CLANG_WARN__DUPLICATE_METHOD_MATCH = YES;
				"CODE_SIGN_IDENTITY[sdk=iphoneos*]" = "iPhone Developer";
				COPY_PHASE_STRIP = NO;
				ENABLE_STRICT_OBJC_MSGSEND = YES;
				GCC_C_LANGUAGE_STANDARD = gnu99;
				GCC_DYNAMIC_NO_PIC = NO;
				GCC_OPTIMIZATION_LEVEL = 0;
				GCC_PREPROCESSOR_DEFINITIONS = (
					"DEBUG=1",
					"$(inherited)",
				);
				GCC_SYMBOLS_PRIVATE_EXTERN = NO;
				GCC_WARN_64_TO_32_BIT_CONVERSION = YES;
				GCC_WARN_ABOUT_RETURN_TYPE = YES_ERROR;
				GCC_WARN_UNDECLARED_SELECTOR = YES;
				GCC_WARN_UNINITIALIZED_AUTOS = YES_AGGRESSIVE;
				GCC_WARN_UNUSED_FUNCTION = YES;
				GCC_WARN_UNUSED_VARIABLE = YES;
				IPHONEOS_DEPLOYMENT_TARGET = 8.2;
				MTL_ENABLE_DEBUG_INFO = YES;
				ONLY_ACTIVE_ARCH = YES;
				SDKROOT = iphoneos;
				SWIFT_OPTIMIZATION_LEVEL = "-Onone";
			};
			name = Debug;
		};
		CD8E282E1AD41D91004C04E8 /* Release */ = {
			isa = XCBuildConfiguration;
			buildSettings = {
				ALWAYS_SEARCH_USER_PATHS = NO;
				CLANG_CXX_LANGUAGE_STANDARD = "gnu++0x";
				CLANG_CXX_LIBRARY = "libc++";
				CLANG_ENABLE_MODULES = YES;
				CLANG_ENABLE_OBJC_ARC = YES;
				CLANG_WARN_BOOL_CONVERSION = YES;
				CLANG_WARN_CONSTANT_CONVERSION = YES;
				CLANG_WARN_DIRECT_OBJC_ISA_USAGE = YES_ERROR;
				CLANG_WARN_EMPTY_BODY = YES;
				CLANG_WARN_ENUM_CONVERSION = YES;
				CLANG_WARN_INT_CONVERSION = YES;
				CLANG_WARN_OBJC_ROOT_CLASS = YES_ERROR;
				CLANG_WARN_UNREACHABLE_CODE = YES;
				CLANG_WARN__DUPLICATE_METHOD_MATCH = YES;
				"CODE_SIGN_IDENTITY[sdk=iphoneos*]" = "iPhone Developer";
				COPY_PHASE_STRIP = NO;
				ENABLE_NS_ASSERTIONS = NO;
				ENABLE_STRICT_OBJC_MSGSEND = YES;
				GCC_C_LANGUAGE_STANDARD = gnu99;
				GCC_WARN_64_TO_32_BIT_CONVERSION = YES;
				GCC_WARN_ABOUT_RETURN_TYPE = YES_ERROR;
				GCC_WARN_UNDECLARED_SELECTOR = YES;
				GCC_WARN_UNINITIALIZED_AUTOS = YES_AGGRESSIVE;
				GCC_WARN_UNUSED_FUNCTION = YES;
				GCC_WARN_UNUSED_VARIABLE = YES;
				IPHONEOS_DEPLOYMENT_TARGET = 8.2;
				MTL_ENABLE_DEBUG_INFO = NO;
				SDKROOT = iphoneos;
				VALIDATE_PRODUCT = YES;
			};
			name = Release;
		};
		CD8E28301AD41D91004C04E8 /* Debug */ = {
			isa = XCBuildConfiguration;
			buildSettings = {
				ASSETCATALOG_COMPILER_APPICON_NAME = AppIcon;
				DEVELOPMENT_TEAM = Q9KFEVE553;
				INFOPLIST_FILE = "Segway Debug/Info.plist";
				LD_RUNPATH_SEARCH_PATHS = "$(inherited) @executable_path/Frameworks";
				PRODUCT_BUNDLE_IDENTIFIER = at.lancz;
				PRODUCT_NAME = "$(TARGET_NAME)";
				SWIFT_VERSION = 3.0;
			};
			name = Debug;
		};
		CD8E28311AD41D91004C04E8 /* Release */ = {
			isa = XCBuildConfiguration;
			buildSettings = {
				ASSETCATALOG_COMPILER_APPICON_NAME = AppIcon;
				DEVELOPMENT_TEAM = Q9KFEVE553;
				INFOPLIST_FILE = "Segway Debug/Info.plist";
				LD_RUNPATH_SEARCH_PATHS = "$(inherited) @executable_path/Frameworks";
				PRODUCT_BUNDLE_IDENTIFIER = at.lancz;
				PRODUCT_NAME = "$(TARGET_NAME)";
				SWIFT_VERSION = 3.0;
			};
			name = Release;
		};
		CD8E28331AD41D91004C04E8 /* Debug */ = {
			isa = XCBuildConfiguration;
			buildSettings = {
				BUNDLE_LOADER = "$(TEST_HOST)";
				FRAMEWORK_SEARCH_PATHS = (
					"$(SDKROOT)/Developer/Library/Frameworks",
					"$(inherited)",
				);
				GCC_PREPROCESSOR_DEFINITIONS = (
					"DEBUG=1",
					"$(inherited)",
				);
				INFOPLIST_FILE = "Segway DebugTests/Info.plist";
				LD_RUNPATH_SEARCH_PATHS = "$(inherited) @executable_path/Frameworks @loader_path/Frameworks";
				PRODUCT_NAME = "$(TARGET_NAME)";
				SWIFT_VERSION = 3.0;
				TEST_HOST = "$(BUILT_PRODUCTS_DIR)/Segway Debug.app/Segway Debug";
			};
			name = Debug;
		};
		CD8E28341AD41D91004C04E8 /* Release */ = {
			isa = XCBuildConfiguration;
			buildSettings = {
				BUNDLE_LOADER = "$(TEST_HOST)";
				FRAMEWORK_SEARCH_PATHS = (
					"$(SDKROOT)/Developer/Library/Frameworks",
					"$(inherited)",
				);
				INFOPLIST_FILE = "Segway DebugTests/Info.plist";
				LD_RUNPATH_SEARCH_PATHS = "$(inherited) @executable_path/Frameworks @loader_path/Frameworks";
				PRODUCT_NAME = "$(TARGET_NAME)";
				SWIFT_VERSION = 3.0;
				TEST_HOST = "$(BUILT_PRODUCTS_DIR)/Segway Debug.app/Segway Debug";
			};
			name = Release;
		};
/* End XCBuildConfiguration section */

/* Begin XCConfigurationList section */
		CD8E280B1AD41D91004C04E8 /* Build configuration list for PBXProject "Segway Debug" */ = {
			isa = XCConfigurationList;
			buildConfigurations = (
				CD8E282D1AD41D91004C04E8 /* Debug */,
				CD8E282E1AD41D91004C04E8 /* Release */,
			);
			defaultConfigurationIsVisible = 0;
			defaultConfigurationName = Release;
		};
		CD8E282F1AD41D91004C04E8 /* Build configuration list for PBXNativeTarget "Segway Debug" */ = {
			isa = XCConfigurationList;
			buildConfigurations = (
				CD8E28301AD41D91004C04E8 /* Debug */,
				CD8E28311AD41D91004C04E8 /* Release */,
			);
			defaultConfigurationIsVisible = 0;
			defaultConfigurationName = Release;
		};
		CD8E28321AD41D91004C04E8 /* Build configuration list for PBXNativeTarget "Segway DebugTests" */ = {
			isa = XCConfigurationList;
			buildConfigurations = (
				CD8E28331AD41D91004C04E8 /* Debug */,
				CD8E28341AD41D91004C04E8 /* Release */,
			);
			defaultConfigurationIsVisible = 0;
			defaultConfigurationName = Release;
		};
/* End XCConfigurationList section */
	};
	rootObject = CD8E28081AD41D91004C04E8 /* Project object */;
}
